{
  "originHash" : "d7408285dccad42a7fb53e57572bb4d82714ca6329a52859769e7edb5647f1e3",
  "pins" : [
    {
      "identity" : "alamofire",
      "kind" : "remoteSourceControl",
      "location" : "https://github.com/Alamofire/Alamofire.git",
      "state" : {
        "revision" : "513364f870f6bfc468f9d2ff0a95caccc10044c5",
        "version" : "5.10.2"
      }
    },
    {
      "identity" : "fitfileparser",
      "kind" : "remoteSourceControl",
      "location" : "https://github.com/roznet/FitFileParser",
      "state" : {
        "revision" : "afcdf1677d89819f305f7714bb3b6a18dca05cc6",
        "version" : "1.5.2"
      }
    },
    {
      "identity" : "keychainaccess",
      "kind" : "remoteSourceControl",
      "location" : "https://github.com/kishikawakatsumi/KeychainAccess.git",
      "state" : {
        "branch" : "master",
        "revision" : "e0c7eebc5a4465a3c4680764f26b7a61f567cdaf"
      }
    },
    {
      "identity" : "mixpanel-swift",
      "kind" : "remoteSourceControl",
      "location" : "https://github.com/mixpanel/mixpanel-swift",
      "state" : {
        "branch" : "master",
        "revision" : "61ce9b40817466fb1334db1d7a582fbaf616ab4c"
      }
    },
    {
      "identity" : "multicastdelegate",
      "kind" : "remoteSourceControl",
      "location" : "https://github.com/v-grigoriev/MulticastDelegate.git",
      "state" : {
        "revision" : "d650db9f294d2ebeab9e48e1825b6a16af860a62",
        "version" : "1.0.1"
      }
    },
    {
      "identity" : "onesignal-xcframework",
      "kind" : "remoteSourceControl",
      "location" : "https://github.com/OneSignal/OneSignal-XCFramework",
      "state" : {
        "revision" : "fb5b9f51b7142f534f6c5bb7e63c5a76a9c1bad4",
        "version" : "3.12.10"
      }
    },
    {
      "identity" : "reachability.swift",
      "kind" : "remoteSourceControl",
      "location" : "https://github.com/ashleymills/Reachability.swift",
      "state" : {
        "branch" : "master",
        "revision" : "21d1dc412cfecbe6e34f1f4c4eb88d3f912654a6"
      }
    },
    {
      "identity" : "scnrecorder",
      "kind" : "remoteSourceControl",
      "location" : "https://github.com/gorastudio/SCNRecorder",
      "state" : {
        "branch" : "master",
        "revision" : "795dc264708c814a4ce6041e605e125f2d663123"
      }
    },
    {
      "identity" : "sentry-cocoa",
      "kind" : "remoteSourceControl",
      "location" : "https://github.com/getsentry/sentry-cocoa.git",
      "state" : {
        "revision" : "56bfb7e723c76614be4c0861ee820ccbaed14c6d",
        "version" : "8.41.0"
      }
    },
    {
      "identity" : "stringmetric.swift",
      "kind" : "remoteSourceControl",
      "location" : "https://github.com/autozimu/StringMetric.swift.git",
      "state" : {
        "revision" : "ac08419f609e53636bd2d5d140d95d1d14960d6a",
        "version" : "0.3.2"
      }
    },
    {
      "identity" : "surge",
      "kind" : "remoteSourceControl",
      "location" : "https://github.com/Jounce/Surge.git",
      "state" : {
        "branch" : "master",
        "revision" : "ac638794d4b02377e3628c1c8b1e07c2a15f1d52"
      }
    },
    {
      "identity" : "swiftui-introspect",
      "kind" : "remoteSourceControl",
      "location" : "https://github.com/siteline/SwiftUI-Introspect.git",
      "state" : {
        "revision" : "121c146fe591b1320238d054ae35c81ffa45f45a",
        "version" : "0.12.0"
      }
    },
    {
      "identity" : "swiftuix",
      "kind" : "remoteSourceControl",
      "location" : "https://github.com/SwiftUIX/SwiftUIX",
      "state" : {
        "branch" : "master",
        "revision" : "275be4fd06b570b71fe1eb47b4246f4c4285b177"
      }
    },
    {
      "identity" : "swiftygif",
      "kind" : "remoteSourceControl",
      "location" : "https://github.com/kirualex/SwiftyGif.git",
      "state" : {
        "branch" : "master",
        "revision" : "7c50eb60ca4b90043c6ad719d595803488496212"
      }
    },
    {
      "identity" : "swiftyjson",
      "kind" : "remoteSourceControl",
      "location" : "https://github.com/SwiftyJSON/SwiftyJSON.git",
      "state" : {
        "revision" : "af76cf3ef710b6ca5f8c05f3a31307d44a3c5828",
        "version" : "5.0.2"
      }
    },
    {
      "identity" : "videoio",
      "kind" : "remoteSourceControl",
      "location" : "https://github.com/MetalPetal/VideoIO",
      "state" : {
        "branch" : "master",
        "revision" : "1623b3d597d8ae987979ce8ac7b1ce0d085d2855"
      }
    }
  ],
  "version" : 3
}
